m1_c_agar
m1_c_chit
m1_c_xl
m1_conv_tol
m1_cool_rate
m1_cool_rate_leg
m1_crosslinker
m1_grid
m1_l2_model
m1_max_ext
m1_phi_d
m1_rpm
m1_rpm_leg
m1_rpm_rs
m1_span_vv
m1_span_wv
m1_stirrer
m1_surfactant
m1_t_emul
m1_t_emul_leg
m1_t_max
m1_t_xl
m1_tgt_d
m1_tgt_d32
m1_tgt_pore
m1_tgt_pore_leg
m1_uv
m1_v_oil
m1_v_poly
m1_vessel
---
Total: 30 m1_* keys
